// !$*UTF8*$!
{
	archiveVersion = 1;
	classes = {
	};
	objectVersion = 56;
	objects = {

/* Begin PBXBuildFile section */
		F1B8D5972B5C198F006182A4 /* MenuView.swift in Sources */ = {isa = PBXBuildFile; fileRef = F1B8D5962B5C198F006182A4 /* MenuView.swift */; };
		F1C88A852B582E6500EBC402 /* SwiftExempelApp.swift in Sources */ = {isa = PBXBuildFile; fileRef = F1C88A842B582E6500EBC402 /* SwiftExempelApp.swift */; };
		F1C88A872B582E6500EBC402 /* ContentView.swift in Sources */ = {isa = PBXBuildFile; fileRef = F1C88A862B582E6500EBC402 /* ContentView.swift */; };
		F1C88A892B582E6600EBC402 /* Assets.xcassets in Resources */ = {isa = PBXBuildFile; fileRef = F1C88A882B582E6600EBC402 /* Assets.xcassets */; };
		F1C88A8C2B582E6600EBC402 /* Preview Assets.xcassets in Resources */ = {isa = PBXBuildFile; fileRef = F1C88A8B2B582E6600EBC402 /* Preview Assets.xcassets */; };
		F1C88A932B58315700EBC402 /* VariablesConstantsView.swift in Sources */ = {isa = PBXBuildFile; fileRef = F1C88A922B58315700EBC402 /* VariablesConstantsView.swift */; };
		F1C88A952B583DA000EBC402 /* EmojisView.swift in Sources */ = {isa = PBXBuildFile; fileRef = F1C88A942B583DA000EBC402 /* EmojisView.swift */; };
		F1C88A972B58563D00EBC402 /* ViewsExempelView.swift in Sources */ = {isa = PBXBuildFile; fileRef = F1C88A962B58563D00EBC402 /* ViewsExempelView.swift */; };
		F1C88A9A2B5869A100EBC402 /* TextTestView.swift in Sources */ = {isa = PBXBuildFile; fileRef = F1C88A992B5869A100EBC402 /* TextTestView.swift */; };
		F1C88A9C2B586C4D00EBC402 /* ShapesTestView.swift in Sources */ = {isa = PBXBuildFile; fileRef = F1C88A9B2B586C4D00EBC402 /* ShapesTestView.swift */; };
		F1C88A9E2B586C7500EBC402 /* ImagesTestView.swift in Sources */ = {isa = PBXBuildFile; fileRef = F1C88A9D2B586C7500EBC402 /* ImagesTestView.swift */; };
		F1C88AA02B58901300EBC402 /* ViewTestView.swift in Sources */ = {isa = PBXBuildFile; fileRef = F1C88A9F2B58901300EBC402 /* ViewTestView.swift */; };
		F1C88AA22B589FC300EBC402 /* ButtonTestView.swift in Sources */ = {isa = PBXBuildFile; fileRef = F1C88AA12B589FC300EBC402 /* ButtonTestView.swift */; };
/* End PBXBuildFile section */

/* Begin PBXFileReference section */
		F1B8D5962B5C198F006182A4 /* MenuView.swift */ = {isa = PBXFileReference; lastKnownFileType = sourcecode.swift; path = MenuView.swift; sourceTree = "<group>"; };
		F1B8D59A2B5C32EC006182A4 /* Operators.playground */ = {isa = PBXFileReference; lastKnownFileType = file.playground; path = Operators.playground; sourceTree = "<group>"; xcLanguageSpecificationIdentifier = xcode.lang.swift; };
		F1B8D59B2B5C3439006182A4 /* Variables.playground */ = {isa = PBXFileReference; lastKnownFileType = file.playground; path = Variables.playground; sourceTree = "<group>"; xcLanguageSpecificationIdentifier = xcode.lang.swift; };
		F1B8D59C2B5C3709006182A4 /* BasicTypes.playground */ = {isa = PBXFileReference; lastKnownFileType = file.playground; path = BasicTypes.playground; sourceTree = "<group>"; xcLanguageSpecificationIdentifier = xcode.lang.swift; };
		F1B8D59D2B5C67EF006182A4 /* Functions.playground */ = {isa = PBXFileReference; lastKnownFileType = file.playground; path = Functions.playground; sourceTree = "<group>"; xcLanguageSpecificationIdentifier = xcode.lang.swift; };
		F1B8D59E2B5C826D006182A4 /* Optionals.playground */ = {isa = PBXFileReference; lastKnownFileType = file.playground; path = Optionals.playground; sourceTree = "<group>"; xcLanguageSpecificationIdentifier = xcode.lang.swift; };
		F1B8D59F2B5C9AF1006182A4 /* Tuples.playground */ = {isa = PBXFileReference; lastKnownFileType = file.playground; path = Tuples.playground; sourceTree = "<group>"; xcLanguageSpecificationIdentifier = xcode.lang.swift; };
		F1B8D5A02B5CA06D006182A4 /* ObjectOrientedProgramming.playground */ = {isa = PBXFileReference; lastKnownFileType = file.playground; path = ObjectOrientedProgramming.playground; sourceTree = "<group>"; xcLanguageSpecificationIdentifier = xcode.lang.swift; };
		F1B8D5A12B5D7D19006182A4 /* Structs.playground */ = {isa = PBXFileReference; lastKnownFileType = file.playground; path = Structs.playground; sourceTree = "<group>"; xcLanguageSpecificationIdentifier = xcode.lang.swift; };
		F1B8D5A22B5D9676006182A4 /* Enums.playground */ = {isa = PBXFileReference; lastKnownFileType = file.playground; path = Enums.playground; sourceTree = "<group>"; xcLanguageSpecificationIdentifier = xcode.lang.swift; };
		F1B8D5A32B5D9EBD006182A4 /* Classes.playground */ = {isa = PBXFileReference; lastKnownFileType = file.playground; path = Classes.playground; sourceTree = "<group>"; xcLanguageSpecificationIdentifier = xcode.lang.swift; };
		F1B8D5A42B5DB5FE006182A4 /* AccessControl.playground */ = {isa = PBXFileReference; lastKnownFileType = file.playground; path = AccessControl.playground; sourceTree = "<group>"; xcLanguageSpecificationIdentifier = xcode.lang.swift; };
		F1B8D5A52B5DC794006182A4 /* Arrays.playground */ = {isa = PBXFileReference; lastKnownFileType = file.playground; path = Arrays.playground; sourceTree = "<group>"; xcLanguageSpecificationIdentifier = xcode.lang.swift; };
		F1B8D5A62B5DD8A6006182A4 /* Dictionaries.playground */ = {isa = PBXFileReference; lastKnownFileType = file.playground; path = Dictionaries.playground; sourceTree = "<group>"; xcLanguageSpecificationIdentifier = xcode.lang.swift; };
		F1B8D5A72B5DE238006182A4 /* ForLoops.playground */ = {isa = PBXFileReference; lastKnownFileType = file.playground; path = ForLoops.playground; sourceTree = "<group>"; xcLanguageSpecificationIdentifier = xcode.lang.swift; };
		F1B8D5A82B5DE8D2006182A4 /* FilterSortMap.playground */ = {isa = PBXFileReference; lastKnownFileType = file.playground; path = FilterSortMap.playground; sourceTree = "<group>"; xcLanguageSpecificationIdentifier = xcode.lang.swift; };
		F1B8D5A92B5DF0D7006182A4 /* Protocols.playground */ = {isa = PBXFileReference; lastKnownFileType = file.playground; path = Protocols.playground; sourceTree = "<group>"; xcLanguageSpecificationIdentifier = xcode.lang.swift; };
		F1C88A812B582E6500EBC402 /* SwiftExempel.app */ = {isa = PBXFileReference; explicitFileType = wrapper.application; includeInIndex = 0; path = SwiftExempel.app; sourceTree = BUILT_PRODUCTS_DIR; };
		F1C88A842B582E6500EBC402 /* SwiftExempelApp.swift */ = {isa = PBXFileReference; lastKnownFileType = sourcecode.swift; path = SwiftExempelApp.swift; sourceTree = "<group>"; };
		F1C88A862B582E6500EBC402 /* ContentView.swift */ = {isa = PBXFileReference; lastKnownFileType = sourcecode.swift; path = ContentView.swift; sourceTree = "<group>"; };
		F1C88A882B582E6600EBC402 /* Assets.xcassets */ = {isa = PBXFileReference; lastKnownFileType = folder.assetcatalog; path = Assets.xcassets; sourceTree = "<group>"; };
		F1C88A8B2B582E6600EBC402 /* Preview Assets.xcassets */ = {isa = PBXFileReference; lastKnownFileType = folder.assetcatalog; path = "Preview Assets.xcassets"; sourceTree = "<group>"; };
		F1C88A922B58315700EBC402 /* VariablesConstantsView.swift */ = {isa = PBXFileReference; lastKnownFileType = sourcecode.swift; path = VariablesConstantsView.swift; sourceTree = "<group>"; };
		F1C88A942B583DA000EBC402 /* EmojisView.swift */ = {isa = PBXFileReference; lastKnownFileType = sourcecode.swift; path = EmojisView.swift; sourceTree = "<group>"; };
		F1C88A962B58563D00EBC402 /* ViewsExempelView.swift */ = {isa = PBXFileReference; lastKnownFileType = sourcecode.swift; path = ViewsExempelView.swift; sourceTree = "<group>"; };
		F1C88A992B5869A100EBC402 /* TextTestView.swift */ = {isa = PBXFileReference; lastKnownFileType = sourcecode.swift; path = TextTestView.swift; sourceTree = "<group>"; };
		F1C88A9B2B586C4D00EBC402 /* ShapesTestView.swift */ = {isa = PBXFileReference; lastKnownFileType = sourcecode.swift; path = ShapesTestView.swift; sourceTree = "<group>"; };
		F1C88A9D2B586C7500EBC402 /* ImagesTestView.swift */ = {isa = PBXFileReference; lastKnownFileType = sourcecode.swift; path = ImagesTestView.swift; sourceTree = "<group>"; };
		F1C88A9F2B58901300EBC402 /* ViewTestView.swift */ = {isa = PBXFileReference; lastKnownFileType = sourcecode.swift; path = ViewTestView.swift; sourceTree = "<group>"; };
		F1C88AA12B589FC300EBC402 /* ButtonTestView.swift */ = {isa = PBXFileReference; lastKnownFileType = sourcecode.swift; path = ButtonTestView.swift; sourceTree = "<group>"; };
/* End PBXFileReference section */

/* Begin PBXFrameworksBuildPhase section */
		F1C88A7E2B582E6500EBC402 /* Frameworks */ = {
			isa = PBXFrameworksBuildPhase;
			buildActionMask = 2147483647;
			files = (
			);
			runOnlyForDeploymentPostprocessing = 0;
		};
/* End PBXFrameworksBuildPhase section */

/* Begin PBXGroup section */
		F1C88A782B582E6500EBC402 = {
			isa = PBXGroup;
			children = (
				F1C88A832B582E6500EBC402 /* SwiftExempel */,
				F1C88A822B582E6500EBC402 /* Products */,
			);
			sourceTree = "<group>";
		};
		F1C88A822B582E6500EBC402 /* Products */ = {
			isa = PBXGroup;
			children = (
				F1C88A812B582E6500EBC402 /* SwiftExempel.app */,
			);
			name = Products;
			sourceTree = "<group>";
		};
		F1C88A832B582E6500EBC402 /* SwiftExempel */ = {
			isa = PBXGroup;
			children = (
				F1C88A982B58697900EBC402 /* Exempel UI */,
				F1C88A842B582E6500EBC402 /* SwiftExempelApp.swift */,
				F1C88A862B582E6500EBC402 /* ContentView.swift */,
				F1C88A962B58563D00EBC402 /* ViewsExempelView.swift */,
				F1C88A922B58315700EBC402 /* VariablesConstantsView.swift */,
				F1C88A942B583DA000EBC402 /* EmojisView.swift */,
				F1B8D5962B5C198F006182A4 /* MenuView.swift */,
				F1C88A882B582E6600EBC402 /* Assets.xcassets */,
				F1C88A8A2B582E6600EBC402 /* Preview Content */,
				F1B8D59C2B5C3709006182A4 /* BasicTypes.playground */,
				F1B8D59B2B5C3439006182A4 /* Variables.playground */,
				F1B8D59A2B5C32EC006182A4 /* Operators.playground */,
				F1B8D59D2B5C67EF006182A4 /* Functions.playground */,
				F1B8D59E2B5C826D006182A4 /* Optionals.playground */,
				F1B8D59F2B5C9AF1006182A4 /* Tuples.playground */,
				F1B8D5A02B5CA06D006182A4 /* ObjectOrientedProgramming.playground */,
				F1B8D5A12B5D7D19006182A4 /* Structs.playground */,
				F1B8D5A22B5D9676006182A4 /* Enums.playground */,
				F1B8D5A32B5D9EBD006182A4 /* Classes.playground */,
				F1B8D5A42B5DB5FE006182A4 /* AccessControl.playground */,
				F1B8D5A52B5DC794006182A4 /* Arrays.playground */,
				F1B8D5A62B5DD8A6006182A4 /* Dictionaries.playground */,
				F1B8D5A72B5DE238006182A4 /* ForLoops.playground */,
				F1B8D5A82B5DE8D2006182A4 /* FilterSortMap.playground */,
				F1B8D5A92B5DF0D7006182A4 /* Protocols.playground */,
			);
			path = SwiftExempel;
			sourceTree = "<group>";
		};
		F1C88A8A2B582E6600EBC402 /* Preview Content */ = {
			isa = PBXGroup;
			children = (
				F1C88A8B2B582E6600EBC402 /* Preview Assets.xcassets */,
			);
			path = "Preview Content";
			sourceTree = "<group>";
		};
		F1C88A982B58697900EBC402 /* Exempel UI */ = {
			isa = PBXGroup;
			children = (
				F1C88A992B5869A100EBC402 /* TextTestView.swift */,
				F1C88A9B2B586C4D00EBC402 /* ShapesTestView.swift */,
				F1C88A9D2B586C7500EBC402 /* ImagesTestView.swift */,
				F1C88A9F2B58901300EBC402 /* ViewTestView.swift */,
				F1C88AA12B589FC300EBC402 /* ButtonTestView.swift */,
			);
			path = "Exempel UI";
			sourceTree = "<group>";
		};
/* End PBXGroup section */

/* Begin PBXNativeTarget section */
		F1C88A802B582E6500EBC402 /* SwiftExempel */ = {
			isa = PBXNativeTarget;
			buildConfigurationList = F1C88A8F2B582E6600EBC402 /* Build configuration list for PBXNativeTarget "SwiftExempel" */;
			buildPhases = (
				F1C88A7D2B582E6500EBC402 /* Sources */,
				F1C88A7E2B582E6500EBC402 /* Frameworks */,
				F1C88A7F2B582E6500EBC402 /* Resources */,
			);
			buildRules = (
			);
			dependencies = (
			);
			name = SwiftExempel;
			productName = SwiftExempel;
			productReference = F1C88A812B582E6500EBC402 /* SwiftExempel.app */;
			productType = "com.apple.product-type.application";
		};
/* End PBXNativeTarget section */

/* Begin PBXProject section */
		F1C88A792B582E6500EBC402 /* Project object */ = {
			isa = PBXProject;
			attributes = {
				BuildIndependentTargetsInParallel = 1;
				LastSwiftUpdateCheck = 1520;
				LastUpgradeCheck = 1520;
				TargetAttributes = {
					F1C88A802B582E6500EBC402 = {
						CreatedOnToolsVersion = 15.2;
					};
				};
			};
			buildConfigurationList = F1C88A7C2B582E6500EBC402 /* Build configuration list for PBXProject "SwiftExempel" */;
			compatibilityVersion = "Xcode 14.0";
			developmentRegion = en;
			hasScannedForEncodings = 0;
			knownRegions = (
				en,
				Base,
			);
			mainGroup = F1C88A782B582E6500EBC402;
			productRefGroup = F1C88A822B582E6500EBC402 /* Products */;
			projectDirPath = "";
			projectRoot = "";
			targets = (
				F1C88A802B582E6500EBC402 /* SwiftExempel */,
			);
		};
/* End PBXProject section */

/* Begin PBXResourcesBuildPhase section */
		F1C88A7F2B582E6500EBC402 /* Resources */ = {
			isa = PBXResourcesBuildPhase;
			buildActionMask = 2147483647;
			files = (
				F1C88A8C2B582E6600EBC402 /* Preview Assets.xcassets in Resources */,
				F1C88A892B582E6600EBC402 /* Assets.xcassets in Resources */,
			);
			runOnlyForDeploymentPostprocessing = 0;
		};
/* End PBXResourcesBuildPhase section */

/* Begin PBXSourcesBuildPhase section */
		F1C88A7D2B582E6500EBC402 /* Sources */ = {
			isa = PBXSourcesBuildPhase;
			buildActionMask = 2147483647;
			files = (
				F1C88AA22B589FC300EBC402 /* ButtonTestView.swift in Sources */,
				F1C88AA02B58901300EBC402 /* ViewTestView.swift in Sources */,
				F1C88A9E2B586C7500EBC402 /* ImagesTestView.swift in Sources */,
				F1C88A872B582E6500EBC402 /* ContentView.swift in Sources */,
				F1C88A9C2B586C4D00EBC402 /* ShapesTestView.swift in Sources */,
				F1C88A952B583DA000EBC402 /* EmojisView.swift in Sources */,
				F1C88A972B58563D00EBC402 /* ViewsExempelView.swift in Sources */,
				F1B8D5972B5C198F006182A4 /* MenuView.swift in Sources */,
				F1C88A932B58315700EBC402 /* VariablesConstantsView.swift in Sources */,
				F1C88A852B582E6500EBC402 /* SwiftExempelApp.swift in Sources */,
				F1C88A9A2B5869A100EBC402 /* TextTestView.swift in Sources */,
			);
			runOnlyForDeploymentPostprocessing = 0;
		};
/* End PBXSourcesBuildPhase section */

/* Begin XCBuildConfiguration section */
		F1C88A8D2B582E6600EBC402 /* Debug */ = {
			isa = XCBuildConfiguration;
			buildSettings = {
				ALWAYS_SEARCH_USER_PATHS = NO;
				ASSETCATALOG_COMPILER_GENERATE_SWIFT_ASSET_SYMBOL_EXTENSIONS = YES;
				CLANG_ANALYZER_NONNULL = YES;
				CLANG_ANALYZER_NUMBER_OBJECT_CONVERSION = YES_AGGRESSIVE;
				CLANG_CXX_LANGUAGE_STANDARD = "gnu++20";
				CLANG_ENABLE_MODULES = YES;
				CLANG_ENABLE_OBJC_ARC = YES;
				CLANG_ENABLE_OBJC_WEAK = YES;
				CLANG_WARN_BLOCK_CAPTURE_AUTORELEASING = YES;
				CLANG_WARN_BOOL_CONVERSION = YES;
				CLANG_WARN_COMMA = YES;
				CLANG_WARN_CONSTANT_CONVERSION = YES;
				CLANG_WARN_DEPRECATED_OBJC_IMPLEMENTATIONS = YES;
				CLANG_WARN_DIRECT_OBJC_ISA_USAGE = YES_ERROR;
				CLANG_WARN_DOCUMENTATION_COMMENTS = YES;
				CLANG_WARN_EMPTY_BODY = YES;
				CLANG_WARN_ENUM_CONVERSION = YES;
				CLANG_WARN_INFINITE_RECURSION = YES;
				CLANG_WARN_INT_CONVERSION = YES;
				CLANG_WARN_NON_LITERAL_NULL_CONVERSION = YES;
				CLANG_WARN_OBJC_IMPLICIT_RETAIN_SELF = YES;
				CLANG_WARN_OBJC_LITERAL_CONVERSION = YES;
				CLANG_WARN_OBJC_ROOT_CLASS = YES_ERROR;
				CLANG_WARN_QUOTED_INCLUDE_IN_FRAMEWORK_HEADER = YES;
				CLANG_WARN_RANGE_LOOP_ANALYSIS = YES;
				CLANG_WARN_STRICT_PROTOTYPES = YES;
				CLANG_WARN_SUSPICIOUS_MOVE = YES;
				CLANG_WARN_UNGUARDED_AVAILABILITY = YES_AGGRESSIVE;
				CLANG_WARN_UNREACHABLE_CODE = YES;
				CLANG_WARN__DUPLICATE_METHOD_MATCH = YES;
				COPY_PHASE_STRIP = NO;
				DEBUG_INFORMATION_FORMAT = dwarf;
				ENABLE_STRICT_OBJC_MSGSEND = YES;
				ENABLE_TESTABILITY = YES;
				ENABLE_USER_SCRIPT_SANDBOXING = YES;
				GCC_C_LANGUAGE_STANDARD = gnu17;
				GCC_DYNAMIC_NO_PIC = NO;
				GCC_NO_COMMON_BLOCKS = YES;
				GCC_OPTIMIZATION_LEVEL = 0;
				GCC_PREPROCESSOR_DEFINITIONS = (
					"DEBUG=1",
					"$(inherited)",
				);
				GCC_WARN_64_TO_32_BIT_CONVERSION = YES;
				GCC_WARN_ABOUT_RETURN_TYPE = YES_ERROR;
				GCC_WARN_UNDECLARED_SELECTOR = YES;
				GCC_WARN_UNINITIALIZED_AUTOS = YES_AGGRESSIVE;
				GCC_WARN_UNUSED_FUNCTION = YES;
				GCC_WARN_UNUSED_VARIABLE = YES;
				IPHONEOS_DEPLOYMENT_TARGET = 17.2;
				LOCALIZATION_PREFERS_STRING_CATALOGS = YES;
				MTL_ENABLE_DEBUG_INFO = INCLUDE_SOURCE;
				MTL_FAST_MATH = YES;
				ONLY_ACTIVE_ARCH = YES;
				SDKROOT = iphoneos;
				SWIFT_ACTIVE_COMPILATION_CONDITIONS = "DEBUG $(inherited)";
				SWIFT_OPTIMIZATION_LEVEL = "-Onone";
			};
			name = Debug;
		};
		F1C88A8E2B582E6600EBC402 /* Release */ = {
			isa = XCBuildConfiguration;
			buildSettings = {
				ALWAYS_SEARCH_USER_PATHS = NO;
				ASSETCATALOG_COMPILER_GENERATE_SWIFT_ASSET_SYMBOL_EXTENSIONS = YES;
				CLANG_ANALYZER_NONNULL = YES;
				CLANG_ANALYZER_NUMBER_OBJECT_CONVERSION = YES_AGGRESSIVE;
				CLANG_CXX_LANGUAGE_STANDARD = "gnu++20";
				CLANG_ENABLE_MODULES = YES;
				CLANG_ENABLE_OBJC_ARC = YES;
				CLANG_ENABLE_OBJC_WEAK = YES;
				CLANG_WARN_BLOCK_CAPTURE_AUTORELEASING = YES;
				CLANG_WARN_BOOL_CONVERSION = YES;
				CLANG_WARN_COMMA = YES;
				CLANG_WARN_CONSTANT_CONVERSION = YES;
				CLANG_WARN_DEPRECATED_OBJC_IMPLEMENTATIONS = YES;
				CLANG_WARN_DIRECT_OBJC_ISA_USAGE = YES_ERROR;
				CLANG_WARN_DOCUMENTATION_COMMENTS = YES;
				CLANG_WARN_EMPTY_BODY = YES;
				CLANG_WARN_ENUM_CONVERSION = YES;
				CLANG_WARN_INFINITE_RECURSION = YES;
				CLANG_WARN_INT_CONVERSION = YES;
				CLANG_WARN_NON_LITERAL_NULL_CONVERSION = YES;
				CLANG_WARN_OBJC_IMPLICIT_RETAIN_SELF = YES;
				CLANG_WARN_OBJC_LITERAL_CONVERSION = YES;
				CLANG_WARN_OBJC_ROOT_CLASS = YES_ERROR;
				CLANG_WARN_QUOTED_INCLUDE_IN_FRAMEWORK_HEADER = YES;
				CLANG_WARN_RANGE_LOOP_ANALYSIS = YES;
				CLANG_WARN_STRICT_PROTOTYPES = YES;
				CLANG_WARN_SUSPICIOUS_MOVE = YES;
				CLANG_WARN_UNGUARDED_AVAILABILITY = YES_AGGRESSIVE;
				CLANG_WARN_UNREACHABLE_CODE = YES;
				CLANG_WARN__DUPLICATE_METHOD_MATCH = YES;
				COPY_PHASE_STRIP = NO;
				DEBUG_INFORMATION_FORMAT = "dwarf-with-dsym";
				ENABLE_NS_ASSERTIONS = NO;
				ENABLE_STRICT_OBJC_MSGSEND = YES;
				ENABLE_USER_SCRIPT_SANDBOXING = YES;
				GCC_C_LANGUAGE_STANDARD = gnu17;
				GCC_NO_COMMON_BLOCKS = YES;
				GCC_WARN_64_TO_32_BIT_CONVERSION = YES;
				GCC_WARN_ABOUT_RETURN_TYPE = YES_ERROR;
				GCC_WARN_UNDECLARED_SELECTOR = YES;
				GCC_WARN_UNINITIALIZED_AUTOS = YES_AGGRESSIVE;
				GCC_WARN_UNUSED_FUNCTION = YES;
				GCC_WARN_UNUSED_VARIABLE = YES;
				IPHONEOS_DEPLOYMENT_TARGET = 17.2;
				LOCALIZATION_PREFERS_STRING_CATALOGS = YES;
				MTL_ENABLE_DEBUG_INFO = NO;
				MTL_FAST_MATH = YES;
				SDKROOT = iphoneos;
				SWIFT_COMPILATION_MODE = wholemodule;
				VALIDATE_PRODUCT = YES;
			};
			name = Release;
		};
		F1C88A902B582E6600EBC402 /* Debug */ = {
			isa = XCBuildConfiguration;
			buildSettings = {
				ASSETCATALOG_COMPILER_APPICON_NAME = AppIcon;
				ASSETCATALOG_COMPILER_GLOBAL_ACCENT_COLOR_NAME = AccentColor;
				CODE_SIGN_STYLE = Automatic;
				CURRENT_PROJECT_VERSION = 1;
				DEVELOPMENT_ASSET_PATHS = "\"SwiftExempel/Preview Content\"";
				ENABLE_PREVIEWS = YES;
				GENERATE_INFOPLIST_FILE = YES;
				INFOPLIST_KEY_UIApplicationSceneManifest_Generation = YES;
				INFOPLIST_KEY_UIApplicationSupportsIndirectInputEvents = YES;
				INFOPLIST_KEY_UILaunchScreen_Generation = YES;
				INFOPLIST_KEY_UISupportedInterfaceOrientations_iPad = "UIInterfaceOrientationPortrait UIInterfaceOrientationPortraitUpsideDown UIInterfaceOrientationLandscapeLeft UIInterfaceOrientationLandscapeRight";
				INFOPLIST_KEY_UISupportedInterfaceOrientations_iPhone = "UIInterfaceOrientationPortrait UIInterfaceOrientationLandscapeLeft UIInterfaceOrientationLandscapeRight";
				LD_RUNPATH_SEARCH_PATHS = (
					"$(inherited)",
					"@executable_path/Frameworks",
				);
				MARKETING_VERSION = 1.0;
				PRODUCT_BUNDLE_IDENTIFIER = com.HannaChristensson.SwiftExempel;
				PRODUCT_NAME = "$(TARGET_NAME)";
				SWIFT_EMIT_LOC_STRINGS = YES;
				SWIFT_VERSION = 5.0;
				TARGETED_DEVICE_FAMILY = "1,2";
			};
			name = Debug;
		};
		F1C88A912B582E6600EBC402 /* Release */ = {
			isa = XCBuildConfiguration;
			buildSettings = {
				ASSETCATALOG_COMPILER_APPICON_NAME = AppIcon;
				ASSETCATALOG_COMPILER_GLOBAL_ACCENT_COLOR_NAME = AccentColor;
				CODE_SIGN_STYLE = Automatic;
				CURRENT_PROJECT_VERSION = 1;
				DEVELOPMENT_ASSET_PATHS = "\"SwiftExempel/Preview Content\"";
				ENABLE_PREVIEWS = YES;
				GENERATE_INFOPLIST_FILE = YES;
				INFOPLIST_KEY_UIApplicationSceneManifest_Generation = YES;
				INFOPLIST_KEY_UIApplicationSupportsIndirectInputEvents = YES;
				INFOPLIST_KEY_UILaunchScreen_Generation = YES;
				INFOPLIST_KEY_UISupportedInterfaceOrientations_iPad = "UIInterfaceOrientationPortrait UIInterfaceOrientationPortraitUpsideDown UIInterfaceOrientationLandscapeLeft UIInterfaceOrientationLandscapeRight";
				INFOPLIST_KEY_UISupportedInterfaceOrientations_iPhone = "UIInterfaceOrientationPortrait UIInterfaceOrientationLandscapeLeft UIInterfaceOrientationLandscapeRight";
				LD_RUNPATH_SEARCH_PATHS = (
					"$(inherited)",
					"@executable_path/Frameworks",
				);
				MARKETING_VERSION = 1.0;
				PRODUCT_BUNDLE_IDENTIFIER = com.HannaChristensson.SwiftExempel;
				PRODUCT_NAME = "$(TARGET_NAME)";
				SWIFT_EMIT_LOC_STRINGS = YES;
				SWIFT_VERSION = 5.0;
				TARGETED_DEVICE_FAMILY = "1,2";
			};
			name = Release;
		};
/* End XCBuildConfiguration section */

/* Begin XCConfigurationList section */
		F1C88A7C2B582E6500EBC402 /* Build configuration list for PBXProject "SwiftExempel" */ = {
			isa = XCConfigurationList;
			buildConfigurations = (
				F1C88A8D2B582E6600EBC402 /* Debug */,
				F1C88A8E2B582E6600EBC402 /* Release */,
			);
			defaultConfigurationIsVisible = 0;
			defaultConfigurationName = Release;
		};
		F1C88A8F2B582E6600EBC402 /* Build configuration list for PBXNativeTarget "SwiftExempel" */ = {
			isa = XCConfigurationList;
			buildConfigurations = (
				F1C88A902B582E6600EBC402 /* Debug */,
				F1C88A912B582E6600EBC402 /* Release */,
			);
			defaultConfigurationIsVisible = 0;
			defaultConfigurationName = Release;
		};
/* End XCConfigurationList section */
	};
	rootObject = F1C88A792B582E6500EBC402 /* Project object */;
}
